// !$*UTF8*$!
{
	archiveVersion = 1;
	classes = {
	};
	objectVersion = 50;
	objects = {

/* Begin PBXBuildFile section */
		8C9F31D926E513AF00D76617 /* AppDelegate.swift in Sources */ = {isa = PBXBuildFile; fileRef = 8C9F31D826E513AF00D76617 /* AppDelegate.swift */; };
		8C9F31DB26E513AF00D76617 /* SceneDelegate.swift in Sources */ = {isa = PBXBuildFile; fileRef = 8C9F31DA26E513AF00D76617 /* SceneDelegate.swift */; };
		8C9F31E026E513AF00D76617 /* Main.storyboard in Resources */ = {isa = PBXBuildFile; fileRef = 8C9F31DE26E513AF00D76617 /* Main.storyboard */; };
		8C9F31E226E513B000D76617 /* Assets.xcassets in Resources */ = {isa = PBXBuildFile; fileRef = 8C9F31E126E513B000D76617 /* Assets.xcassets */; };
		8C9F31E526E513B000D76617 /* LaunchScreen.storyboard in Resources */ = {isa = PBXBuildFile; fileRef = 8C9F31E326E513B000D76617 /* LaunchScreen.storyboard */; };
		8C9F31FB26E513B100D76617 /* WeatherForecastUITests.swift in Sources */ = {isa = PBXBuildFile; fileRef = 8C9F31FA26E513B100D76617 /* WeatherForecastUITests.swift */; };
		8C9F322226E5238B00D76617 /* HomeRouter.swift in Sources */ = {isa = PBXBuildFile; fileRef = 8C9F322126E5238B00D76617 /* HomeRouter.swift */; };
		8C9F322426E525B000D76617 /* HomePresenter.swift in Sources */ = {isa = PBXBuildFile; fileRef = 8C9F322326E525B000D76617 /* HomePresenter.swift */; };
		8C9F322626E5279200D76617 /* HomeInteractor.swift in Sources */ = {isa = PBXBuildFile; fileRef = 8C9F322526E5279200D76617 /* HomeInteractor.swift */; };
		8C9F322926E5294100D76617 /* ViewProtocol.swift in Sources */ = {isa = PBXBuildFile; fileRef = 8C9F322826E5294100D76617 /* ViewProtocol.swift */; };
		8C9F322B26E5297600D76617 /* InteractorProtocol.swift in Sources */ = {isa = PBXBuildFile; fileRef = 8C9F322A26E5297600D76617 /* InteractorProtocol.swift */; };
		8C9F322D26E529D200D76617 /* PresenterProtocol.swift in Sources */ = {isa = PBXBuildFile; fileRef = 8C9F322C26E529D200D76617 /* PresenterProtocol.swift */; };
		8C9F323126E52AD000D76617 /* RouterProtocol.swift in Sources */ = {isa = PBXBuildFile; fileRef = 8C9F323026E52AD000D76617 /* RouterProtocol.swift */; };
		8C9F323326E52E3200D76617 /* HomeView.swift in Sources */ = {isa = PBXBuildFile; fileRef = 8C9F323226E52E3200D76617 /* HomeView.swift */; };
		8C9F323826E53F0E00D76617 /* Constants.swift in Sources */ = {isa = PBXBuildFile; fileRef = 8C9F323726E53F0E00D76617 /* Constants.swift */; };
		8C9F324226E5816D00D76617 /* TestHomeView.swift in Sources */ = {isa = PBXBuildFile; fileRef = 8C9F324126E5816D00D76617 /* TestHomeView.swift */; };
/* End PBXBuildFile section */

/* Begin PBXContainerItemProxy section */
		8C9F31EC26E513B100D76617 /* PBXContainerItemProxy */ = {
			isa = PBXContainerItemProxy;
			containerPortal = 8C9F31CD26E513AF00D76617 /* Project object */;
			proxyType = 1;
			remoteGlobalIDString = 8C9F31D426E513AF00D76617;
			remoteInfo = WeatherForecast;
		};
		8C9F31F726E513B100D76617 /* PBXContainerItemProxy */ = {
			isa = PBXContainerItemProxy;
			containerPortal = 8C9F31CD26E513AF00D76617 /* Project object */;
			proxyType = 1;
			remoteGlobalIDString = 8C9F31D426E513AF00D76617;
			remoteInfo = WeatherForecast;
		};
/* End PBXContainerItemProxy section */

/* Begin PBXFileReference section */
		8C9F31D526E513AF00D76617 /* WeatherForecast.app */ = {isa = PBXFileReference; explicitFileType = wrapper.application; includeInIndex = 0; path = WeatherForecast.app; sourceTree = BUILT_PRODUCTS_DIR; };
		8C9F31D826E513AF00D76617 /* AppDelegate.swift */ = {isa = PBXFileReference; lastKnownFileType = sourcecode.swift; path = AppDelegate.swift; sourceTree = "<group>"; };
		8C9F31DA26E513AF00D76617 /* SceneDelegate.swift */ = {isa = PBXFileReference; lastKnownFileType = sourcecode.swift; path = SceneDelegate.swift; sourceTree = "<group>"; };
		8C9F31DF26E513AF00D76617 /* Base */ = {isa = PBXFileReference; lastKnownFileType = file.storyboard; name = Base; path = Base.lproj/Main.storyboard; sourceTree = "<group>"; };
		8C9F31E126E513B000D76617 /* Assets.xcassets */ = {isa = PBXFileReference; lastKnownFileType = folder.assetcatalog; path = Assets.xcassets; sourceTree = "<group>"; };
		8C9F31E426E513B000D76617 /* Base */ = {isa = PBXFileReference; lastKnownFileType = file.storyboard; name = Base; path = Base.lproj/LaunchScreen.storyboard; sourceTree = "<group>"; };
		8C9F31E626E513B000D76617 /* Info.plist */ = {isa = PBXFileReference; lastKnownFileType = text.plist.xml; path = Info.plist; sourceTree = "<group>"; };
		8C9F31EB26E513B100D76617 /* WeatherForecastTests.xctest */ = {isa = PBXFileReference; explicitFileType = wrapper.cfbundle; includeInIndex = 0; path = WeatherForecastTests.xctest; sourceTree = BUILT_PRODUCTS_DIR; };
		8C9F31F126E513B100D76617 /* Info.plist */ = {isa = PBXFileReference; lastKnownFileType = text.plist.xml; path = Info.plist; sourceTree = "<group>"; };
		8C9F31F626E513B100D76617 /* WeatherForecastUITests.xctest */ = {isa = PBXFileReference; explicitFileType = wrapper.cfbundle; includeInIndex = 0; path = WeatherForecastUITests.xctest; sourceTree = BUILT_PRODUCTS_DIR; };
		8C9F31FA26E513B100D76617 /* WeatherForecastUITests.swift */ = {isa = PBXFileReference; lastKnownFileType = sourcecode.swift; path = WeatherForecastUITests.swift; sourceTree = "<group>"; };
		8C9F31FC26E513B100D76617 /* Info.plist */ = {isa = PBXFileReference; lastKnownFileType = text.plist.xml; path = Info.plist; sourceTree = "<group>"; };
		8C9F322126E5238B00D76617 /* HomeRouter.swift */ = {isa = PBXFileReference; lastKnownFileType = sourcecode.swift; path = HomeRouter.swift; sourceTree = "<group>"; };
		8C9F322326E525B000D76617 /* HomePresenter.swift */ = {isa = PBXFileReference; lastKnownFileType = sourcecode.swift; path = HomePresenter.swift; sourceTree = "<group>"; };
		8C9F322526E5279200D76617 /* HomeInteractor.swift */ = {isa = PBXFileReference; lastKnownFileType = sourcecode.swift; path = HomeInteractor.swift; sourceTree = "<group>"; };
		8C9F322826E5294100D76617 /* ViewProtocol.swift */ = {isa = PBXFileReference; lastKnownFileType = sourcecode.swift; path = ViewProtocol.swift; sourceTree = "<group>"; };
		8C9F322A26E5297600D76617 /* InteractorProtocol.swift */ = {isa = PBXFileReference; lastKnownFileType = sourcecode.swift; path = InteractorProtocol.swift; sourceTree = "<group>"; };
		8C9F322C26E529D200D76617 /* PresenterProtocol.swift */ = {isa = PBXFileReference; lastKnownFileType = sourcecode.swift; path = PresenterProtocol.swift; sourceTree = "<group>"; };
		8C9F323026E52AD000D76617 /* RouterProtocol.swift */ = {isa = PBXFileReference; lastKnownFileType = sourcecode.swift; path = RouterProtocol.swift; sourceTree = "<group>"; };
		8C9F323226E52E3200D76617 /* HomeView.swift */ = {isa = PBXFileReference; lastKnownFileType = sourcecode.swift; path = HomeView.swift; sourceTree = "<group>"; };
		8C9F323726E53F0E00D76617 /* Constants.swift */ = {isa = PBXFileReference; lastKnownFileType = sourcecode.swift; path = Constants.swift; sourceTree = "<group>"; };
		8C9F324126E5816D00D76617 /* TestHomeView.swift */ = {isa = PBXFileReference; lastKnownFileType = sourcecode.swift; path = TestHomeView.swift; sourceTree = "<group>"; };
/* End PBXFileReference section */

/* Begin PBXFrameworksBuildPhase section */
		8C9F31D226E513AF00D76617 /* Frameworks */ = {
			isa = PBXFrameworksBuildPhase;
			buildActionMask = 2147483647;
			files = (
			);
			runOnlyForDeploymentPostprocessing = 0;
		};
		8C9F31E826E513B100D76617 /* Frameworks */ = {
			isa = PBXFrameworksBuildPhase;
			buildActionMask = 2147483647;
			files = (
			);
			runOnlyForDeploymentPostprocessing = 0;
		};
		8C9F31F326E513B100D76617 /* Frameworks */ = {
			isa = PBXFrameworksBuildPhase;
			buildActionMask = 2147483647;
			files = (
			);
			runOnlyForDeploymentPostprocessing = 0;
		};
/* End PBXFrameworksBuildPhase section */

/* Begin PBXGroup section */
		8C9F31CC26E513AF00D76617 = {
			isa = PBXGroup;
			children = (
				8C9F31D726E513AF00D76617 /* WeatherForecast */,
				8C9F31EE26E513B100D76617 /* WeatherForecastTests */,
				8C9F31F926E513B100D76617 /* WeatherForecastUITests */,
				8C9F31D626E513AF00D76617 /* Products */,
			);
			sourceTree = "<group>";
		};
		8C9F31D626E513AF00D76617 /* Products */ = {
			isa = PBXGroup;
			children = (
				8C9F31D526E513AF00D76617 /* WeatherForecast.app */,
				8C9F31EB26E513B100D76617 /* WeatherForecastTests.xctest */,
				8C9F31F626E513B100D76617 /* WeatherForecastUITests.xctest */,
			);
			name = Products;
			sourceTree = "<group>";
		};
		8C9F31D726E513AF00D76617 /* WeatherForecast */ = {
			isa = PBXGroup;
			children = (
				8C9F320926E5143C00D76617 /* Modules */,
				8C9F323926E56CF800D76617 /* Entities */,
				8C9F323426E5376600D76617 /* Utils */,
				8C9F320A26E5145600D76617 /* Core */,
				8C9F320B26E5146500D76617 /* Storyboards */,
				8C9F320D26E514A800D76617 /* Resources */,
				8C9F320C26E5148F00D76617 /* Configuration */,
			);
			path = WeatherForecast;
			sourceTree = "<group>";
		};
		8C9F31EE26E513B100D76617 /* WeatherForecastTests */ = {
			isa = PBXGroup;
			children = (
				8C9F323D26E57FD100D76617 /* Modules */,
				8C9F323E26E57FDB00D76617 /* Utils */,
				8C9F323F26E5804100D76617 /* Mocks */,
				8C9F31F126E513B100D76617 /* Info.plist */,
			);
			path = WeatherForecastTests;
			sourceTree = "<group>";
		};
		8C9F31F926E513B100D76617 /* WeatherForecastUITests */ = {
			isa = PBXGroup;
			children = (
				8C9F31FA26E513B100D76617 /* WeatherForecastUITests.swift */,
				8C9F31FC26E513B100D76617 /* Info.plist */,
			);
			path = WeatherForecastUITests;
			sourceTree = "<group>";
		};
		8C9F320926E5143C00D76617 /* Modules */ = {
			isa = PBXGroup;
			children = (
				8C9F320E26E516D400D76617 /* Home */,
			);
			path = Modules;
			sourceTree = "<group>";
		};
		8C9F320A26E5145600D76617 /* Core */ = {
			isa = PBXGroup;
			children = (
				8C9F31D826E513AF00D76617 /* AppDelegate.swift */,
				8C9F31DA26E513AF00D76617 /* SceneDelegate.swift */,
			);
			path = Core;
			sourceTree = "<group>";
		};
		8C9F320B26E5146500D76617 /* Storyboards */ = {
			isa = PBXGroup;
			children = (
				8C9F31DE26E513AF00D76617 /* Main.storyboard */,
			);
			path = Storyboards;
			sourceTree = "<group>";
		};
		8C9F320C26E5148F00D76617 /* Configuration */ = {
			isa = PBXGroup;
			children = (
				8C9F31E626E513B000D76617 /* Info.plist */,
			);
			path = Configuration;
			sourceTree = "<group>";
		};
		8C9F320D26E514A800D76617 /* Resources */ = {
			isa = PBXGroup;
			children = (
				8C9F31E126E513B000D76617 /* Assets.xcassets */,
				8C9F31E326E513B000D76617 /* LaunchScreen.storyboard */,
				8C9F323726E53F0E00D76617 /* Constants.swift */,
			);
			path = Resources;
			sourceTree = "<group>";
		};
		8C9F320E26E516D400D76617 /* Home */ = {
			isa = PBXGroup;
			children = (
				8C9F322726E5291600D76617 /* Protocols */,
				8C9F323226E52E3200D76617 /* HomeView.swift */,
				8C9F322126E5238B00D76617 /* HomeRouter.swift */,
				8C9F322326E525B000D76617 /* HomePresenter.swift */,
				8C9F322526E5279200D76617 /* HomeInteractor.swift */,
			);
			path = Home;
			sourceTree = "<group>";
		};
		8C9F322726E5291600D76617 /* Protocols */ = {
			isa = PBXGroup;
			children = (
				8C9F322826E5294100D76617 /* ViewProtocol.swift */,
				8C9F322A26E5297600D76617 /* InteractorProtocol.swift */,
				8C9F322C26E529D200D76617 /* PresenterProtocol.swift */,
				8C9F323026E52AD000D76617 /* RouterProtocol.swift */,
			);
			path = Protocols;
			sourceTree = "<group>";
		};
		8C9F323426E5376600D76617 /* Utils */ = {
			isa = PBXGroup;
			children = (
				8C9F323A26E56D2F00D76617 /* DataManagers */,
				8C9F323B26E56D4200D76617 /* Protocols */,
				8C9F323C26E5742A00D76617 /* Services */,
			);
			path = Utils;
			sourceTree = "<group>";
		};
		8C9F323526E5377A00D76617 /* Remote */ = {
			isa = PBXGroup;
			children = (
			);
			path = Remote;
			sourceTree = "<group>";
		};
		8C9F323626E5378500D76617 /* Local */ = {
			isa = PBXGroup;
			children = (
			);
			path = Local;
			sourceTree = "<group>";
		};
		8C9F323926E56CF800D76617 /* Entities */ = {
			isa = PBXGroup;
			children = (
			);
			path = Entities;
			sourceTree = "<group>";
		};
		8C9F323A26E56D2F00D76617 /* DataManagers */ = {
			isa = PBXGroup;
			children = (
				8C9F323626E5378500D76617 /* Local */,
				8C9F323526E5377A00D76617 /* Remote */,
			);
			path = DataManagers;
			sourceTree = "<group>";
		};
		8C9F323B26E56D4200D76617 /* Protocols */ = {
			isa = PBXGroup;
			children = (
			);
			path = Protocols;
			sourceTree = "<group>";
		};
		8C9F323C26E5742A00D76617 /* Services */ = {
			isa = PBXGroup;
			children = (
			);
			path = Services;
			sourceTree = "<group>";
		};
		8C9F323D26E57FD100D76617 /* Modules */ = {
			isa = PBXGroup;
			children = (
				8C9F324026E5812900D76617 /* Home */,
			);
			path = Modules;
			sourceTree = "<group>";
		};
		8C9F323E26E57FDB00D76617 /* Utils */ = {
			isa = PBXGroup;
			children = (
				8C9F324326E5874600D76617 /* DataManagers */,
			);
			path = Utils;
			sourceTree = "<group>";
		};
		8C9F323F26E5804100D76617 /* Mocks */ = {
			isa = PBXGroup;
			children = (
			);
			path = Mocks;
			sourceTree = "<group>";
		};
		8C9F324026E5812900D76617 /* Home */ = {
			isa = PBXGroup;
			children = (
				8C9F324126E5816D00D76617 /* TestHomeView.swift */,
			);
			path = Home;
			sourceTree = "<group>";
		};
		8C9F324326E5874600D76617 /* DataManagers */ = {
			isa = PBXGroup;
			children = (
				8C9F324526E5875700D76617 /* Local */,
				8C9F324426E5875100D76617 /* Remote */,
			);
			path = DataManagers;
			sourceTree = "<group>";
		};
		8C9F324426E5875100D76617 /* Remote */ = {
			isa = PBXGroup;
			children = (
			);
			path = Remote;
			sourceTree = "<group>";
		};
		8C9F324526E5875700D76617 /* Local */ = {
			isa = PBXGroup;
			children = (
			);
			path = Local;
			sourceTree = "<group>";
		};
/* End PBXGroup section */

/* Begin PBXNativeTarget section */
		8C9F31D426E513AF00D76617 /* WeatherForecast */ = {
			isa = PBXNativeTarget;
			buildConfigurationList = 8C9F31FF26E513B100D76617 /* Build configuration list for PBXNativeTarget "WeatherForecast" */;
			buildPhases = (
				8C9F31D126E513AF00D76617 /* Sources */,
				8C9F31D226E513AF00D76617 /* Frameworks */,
				8C9F31D326E513AF00D76617 /* Resources */,
			);
			buildRules = (
			);
			dependencies = (
			);
			name = WeatherForecast;
			productName = WeatherForecast;
			productReference = 8C9F31D526E513AF00D76617 /* WeatherForecast.app */;
			productType = "com.apple.product-type.application";
		};
		8C9F31EA26E513B100D76617 /* WeatherForecastTests */ = {
			isa = PBXNativeTarget;
			buildConfigurationList = 8C9F320226E513B100D76617 /* Build configuration list for PBXNativeTarget "WeatherForecastTests" */;
			buildPhases = (
				8C9F31E726E513B100D76617 /* Sources */,
				8C9F31E826E513B100D76617 /* Frameworks */,
				8C9F31E926E513B100D76617 /* Resources */,
			);
			buildRules = (
			);
			dependencies = (
				8C9F31ED26E513B100D76617 /* PBXTargetDependency */,
			);
			name = WeatherForecastTests;
			productName = WeatherForecastTests;
			productReference = 8C9F31EB26E513B100D76617 /* WeatherForecastTests.xctest */;
			productType = "com.apple.product-type.bundle.unit-test";
		};
		8C9F31F526E513B100D76617 /* WeatherForecastUITests */ = {
			isa = PBXNativeTarget;
			buildConfigurationList = 8C9F320526E513B100D76617 /* Build configuration list for PBXNativeTarget "WeatherForecastUITests" */;
			buildPhases = (
				8C9F31F226E513B100D76617 /* Sources */,
				8C9F31F326E513B100D76617 /* Frameworks */,
				8C9F31F426E513B100D76617 /* Resources */,
			);
			buildRules = (
			);
			dependencies = (
				8C9F31F826E513B100D76617 /* PBXTargetDependency */,
			);
			name = WeatherForecastUITests;
			productName = WeatherForecastUITests;
			productReference = 8C9F31F626E513B100D76617 /* WeatherForecastUITests.xctest */;
			productType = "com.apple.product-type.bundle.ui-testing";
		};
/* End PBXNativeTarget section */

/* Begin PBXProject section */
		8C9F31CD26E513AF00D76617 /* Project object */ = {
			isa = PBXProject;
			attributes = {
				LastSwiftUpdateCheck = 1250;
				LastUpgradeCheck = 1250;
				TargetAttributes = {
					8C9F31D426E513AF00D76617 = {
						CreatedOnToolsVersion = 12.5.1;
					};
					8C9F31EA26E513B100D76617 = {
						CreatedOnToolsVersion = 12.5.1;
						LastSwiftMigration = 1250;
						TestTargetID = 8C9F31D426E513AF00D76617;
					};
					8C9F31F526E513B100D76617 = {
						CreatedOnToolsVersion = 12.5.1;
						TestTargetID = 8C9F31D426E513AF00D76617;
					};
				};
			};
			buildConfigurationList = 8C9F31D026E513AF00D76617 /* Build configuration list for PBXProject "WeatherForecast" */;
			compatibilityVersion = "Xcode 9.3";
			developmentRegion = en;
			hasScannedForEncodings = 0;
			knownRegions = (
				en,
				Base,
			);
			mainGroup = 8C9F31CC26E513AF00D76617;
			productRefGroup = 8C9F31D626E513AF00D76617 /* Products */;
			projectDirPath = "";
			projectRoot = "";
			targets = (
				8C9F31D426E513AF00D76617 /* WeatherForecast */,
				8C9F31EA26E513B100D76617 /* WeatherForecastTests */,
				8C9F31F526E513B100D76617 /* WeatherForecastUITests */,
			);
		};
/* End PBXProject section */

/* Begin PBXResourcesBuildPhase section */
		8C9F31D326E513AF00D76617 /* Resources */ = {
			isa = PBXResourcesBuildPhase;
			buildActionMask = 2147483647;
			files = (
				8C9F31E526E513B000D76617 /* LaunchScreen.storyboard in Resources */,
				8C9F31E226E513B000D76617 /* Assets.xcassets in Resources */,
				8C9F31E026E513AF00D76617 /* Main.storyboard in Resources */,
			);
			runOnlyForDeploymentPostprocessing = 0;
		};
		8C9F31E926E513B100D76617 /* Resources */ = {
			isa = PBXResourcesBuildPhase;
			buildActionMask = 2147483647;
			files = (
			);
			runOnlyForDeploymentPostprocessing = 0;
		};
		8C9F31F426E513B100D76617 /* Resources */ = {
			isa = PBXResourcesBuildPhase;
			buildActionMask = 2147483647;
			files = (
			);
			runOnlyForDeploymentPostprocessing = 0;
		};
/* End PBXResourcesBuildPhase section */

/* Begin PBXSourcesBuildPhase section */
		8C9F31D126E513AF00D76617 /* Sources */ = {
			isa = PBXSourcesBuildPhase;
			buildActionMask = 2147483647;
			files = (
				8C9F323826E53F0E00D76617 /* Constants.swift in Sources */,
				8C9F322626E5279200D76617 /* HomeInteractor.swift in Sources */,
				8C9F323126E52AD000D76617 /* RouterProtocol.swift in Sources */,
				8C9F31D926E513AF00D76617 /* AppDelegate.swift in Sources */,
				8C9F323326E52E3200D76617 /* HomeView.swift in Sources */,
				8C9F322426E525B000D76617 /* HomePresenter.swift in Sources */,
				8C9F31DB26E513AF00D76617 /* SceneDelegate.swift in Sources */,
				8C9F322D26E529D200D76617 /* PresenterProtocol.swift in Sources */,
				8C9F322B26E5297600D76617 /* InteractorProtocol.swift in Sources */,
				8C9F322926E5294100D76617 /* ViewProtocol.swift in Sources */,
				8C9F322226E5238B00D76617 /* HomeRouter.swift in Sources */,
			);
			runOnlyForDeploymentPostprocessing = 0;
		};
		8C9F31E726E513B100D76617 /* Sources */ = {
			isa = PBXSourcesBuildPhase;
			buildActionMask = 2147483647;
			files = (
				8C9F324226E5816D00D76617 /* TestHomeView.swift in Sources */,
			);
			runOnlyForDeploymentPostprocessing = 0;
		};
		8C9F31F226E513B100D76617 /* Sources */ = {
			isa = PBXSourcesBuildPhase;
			buildActionMask = 2147483647;
			files = (
				8C9F31FB26E513B100D76617 /* WeatherForecastUITests.swift in Sources */,
			);
			runOnlyForDeploymentPostprocessing = 0;
		};
/* End PBXSourcesBuildPhase section */

/* Begin PBXTargetDependency section */
		8C9F31ED26E513B100D76617 /* PBXTargetDependency */ = {
			isa = PBXTargetDependency;
			target = 8C9F31D426E513AF00D76617 /* WeatherForecast */;
			targetProxy = 8C9F31EC26E513B100D76617 /* PBXContainerItemProxy */;
		};
		8C9F31F826E513B100D76617 /* PBXTargetDependency */ = {
			isa = PBXTargetDependency;
			target = 8C9F31D426E513AF00D76617 /* WeatherForecast */;
			targetProxy = 8C9F31F726E513B100D76617 /* PBXContainerItemProxy */;
		};
/* End PBXTargetDependency section */

/* Begin PBXVariantGroup section */
		8C9F31DE26E513AF00D76617 /* Main.storyboard */ = {
			isa = PBXVariantGroup;
			children = (
				8C9F31DF26E513AF00D76617 /* Base */,
			);
			name = Main.storyboard;
			sourceTree = "<group>";
		};
		8C9F31E326E513B000D76617 /* LaunchScreen.storyboard */ = {
			isa = PBXVariantGroup;
			children = (
				8C9F31E426E513B000D76617 /* Base */,
			);
			name = LaunchScreen.storyboard;
			sourceTree = "<group>";
		};
/* End PBXVariantGroup section */

/* Begin XCBuildConfiguration section */
		8C9F31FD26E513B100D76617 /* Debug */ = {
			isa = XCBuildConfiguration;
			buildSettings = {
				ALWAYS_SEARCH_USER_PATHS = NO;
				CLANG_ANALYZER_NONNULL = YES;
				CLANG_ANALYZER_NUMBER_OBJECT_CONVERSION = YES_AGGRESSIVE;
				CLANG_CXX_LANGUAGE_STANDARD = "gnu++14";
				CLANG_CXX_LIBRARY = "libc++";
				CLANG_ENABLE_MODULES = YES;
				CLANG_ENABLE_OBJC_ARC = YES;
				CLANG_ENABLE_OBJC_WEAK = YES;
				CLANG_WARN_BLOCK_CAPTURE_AUTORELEASING = YES;
				CLANG_WARN_BOOL_CONVERSION = YES;
				CLANG_WARN_COMMA = YES;
				CLANG_WARN_CONSTANT_CONVERSION = YES;
				CLANG_WARN_DEPRECATED_OBJC_IMPLEMENTATIONS = YES;
				CLANG_WARN_DIRECT_OBJC_ISA_USAGE = YES_ERROR;
				CLANG_WARN_DOCUMENTATION_COMMENTS = YES;
				CLANG_WARN_EMPTY_BODY = YES;
				CLANG_WARN_ENUM_CONVERSION = YES;
				CLANG_WARN_INFINITE_RECURSION = YES;
				CLANG_WARN_INT_CONVERSION = YES;
				CLANG_WARN_NON_LITERAL_NULL_CONVERSION = YES;
				CLANG_WARN_OBJC_IMPLICIT_RETAIN_SELF = YES;
				CLANG_WARN_OBJC_LITERAL_CONVERSION = YES;
				CLANG_WARN_OBJC_ROOT_CLASS = YES_ERROR;
				CLANG_WARN_QUOTED_INCLUDE_IN_FRAMEWORK_HEADER = YES;
				CLANG_WARN_RANGE_LOOP_ANALYSIS = YES;
				CLANG_WARN_STRICT_PROTOTYPES = YES;
				CLANG_WARN_SUSPICIOUS_MOVE = YES;
				CLANG_WARN_UNGUARDED_AVAILABILITY = YES_AGGRESSIVE;
				CLANG_WARN_UNREACHABLE_CODE = YES;
				CLANG_WARN__DUPLICATE_METHOD_MATCH = YES;
				COPY_PHASE_STRIP = NO;
				DEBUG_INFORMATION_FORMAT = dwarf;
				ENABLE_STRICT_OBJC_MSGSEND = YES;
				ENABLE_TESTABILITY = YES;
				GCC_C_LANGUAGE_STANDARD = gnu11;
				GCC_DYNAMIC_NO_PIC = NO;
				GCC_NO_COMMON_BLOCKS = YES;
				GCC_OPTIMIZATION_LEVEL = 0;
				GCC_PREPROCESSOR_DEFINITIONS = (
					"DEBUG=1",
					"$(inherited)",
				);
				GCC_WARN_64_TO_32_BIT_CONVERSION = YES;
				GCC_WARN_ABOUT_RETURN_TYPE = YES_ERROR;
				GCC_WARN_UNDECLARED_SELECTOR = YES;
				GCC_WARN_UNINITIALIZED_AUTOS = YES_AGGRESSIVE;
				GCC_WARN_UNUSED_FUNCTION = YES;
				GCC_WARN_UNUSED_VARIABLE = YES;
				IPHONEOS_DEPLOYMENT_TARGET = 14.5;
				MTL_ENABLE_DEBUG_INFO = INCLUDE_SOURCE;
				MTL_FAST_MATH = YES;
				ONLY_ACTIVE_ARCH = YES;
				SDKROOT = iphoneos;
				SWIFT_ACTIVE_COMPILATION_CONDITIONS = DEBUG;
				SWIFT_OPTIMIZATION_LEVEL = "-Onone";
			};
			name = Debug;
		};
		8C9F31FE26E513B100D76617 /* Release */ = {
			isa = XCBuildConfiguration;
			buildSettings = {
				ALWAYS_SEARCH_USER_PATHS = NO;
				CLANG_ANALYZER_NONNULL = YES;
				CLANG_ANALYZER_NUMBER_OBJECT_CONVERSION = YES_AGGRESSIVE;
				CLANG_CXX_LANGUAGE_STANDARD = "gnu++14";
				CLANG_CXX_LIBRARY = "libc++";
				CLANG_ENABLE_MODULES = YES;
				CLANG_ENABLE_OBJC_ARC = YES;
				CLANG_ENABLE_OBJC_WEAK = YES;
				CLANG_WARN_BLOCK_CAPTURE_AUTORELEASING = YES;
				CLANG_WARN_BOOL_CONVERSION = YES;
				CLANG_WARN_COMMA = YES;
				CLANG_WARN_CONSTANT_CONVERSION = YES;
				CLANG_WARN_DEPRECATED_OBJC_IMPLEMENTATIONS = YES;
				CLANG_WARN_DIRECT_OBJC_ISA_USAGE = YES_ERROR;
				CLANG_WARN_DOCUMENTATION_COMMENTS = YES;
				CLANG_WARN_EMPTY_BODY = YES;
				CLANG_WARN_ENUM_CONVERSION = YES;
				CLANG_WARN_INFINITE_RECURSION = YES;
				CLANG_WARN_INT_CONVERSION = YES;
				CLANG_WARN_NON_LITERAL_NULL_CONVERSION = YES;
				CLANG_WARN_OBJC_IMPLICIT_RETAIN_SELF = YES;
				CLANG_WARN_OBJC_LITERAL_CONVERSION = YES;
				CLANG_WARN_OBJC_ROOT_CLASS = YES_ERROR;
				CLANG_WARN_QUOTED_INCLUDE_IN_FRAMEWORK_HEADER = YES;
				CLANG_WARN_RANGE_LOOP_ANALYSIS = YES;
				CLANG_WARN_STRICT_PROTOTYPES = YES;
				CLANG_WARN_SUSPICIOUS_MOVE = YES;
				CLANG_WARN_UNGUARDED_AVAILABILITY = YES_AGGRESSIVE;
				CLANG_WARN_UNREACHABLE_CODE = YES;
				CLANG_WARN__DUPLICATE_METHOD_MATCH = YES;
				COPY_PHASE_STRIP = NO;
				DEBUG_INFORMATION_FORMAT = "dwarf-with-dsym";
				ENABLE_NS_ASSERTIONS = NO;
				ENABLE_STRICT_OBJC_MSGSEND = YES;
				GCC_C_LANGUAGE_STANDARD = gnu11;
				GCC_NO_COMMON_BLOCKS = YES;
				GCC_WARN_64_TO_32_BIT_CONVERSION = YES;
				GCC_WARN_ABOUT_RETURN_TYPE = YES_ERROR;
				GCC_WARN_UNDECLARED_SELECTOR = YES;
				GCC_WARN_UNINITIALIZED_AUTOS = YES_AGGRESSIVE;
				GCC_WARN_UNUSED_FUNCTION = YES;
				GCC_WARN_UNUSED_VARIABLE = YES;
				IPHONEOS_DEPLOYMENT_TARGET = 14.5;
				MTL_ENABLE_DEBUG_INFO = NO;
				MTL_FAST_MATH = YES;
				SDKROOT = iphoneos;
				SWIFT_COMPILATION_MODE = wholemodule;
				SWIFT_OPTIMIZATION_LEVEL = "-O";
				VALIDATE_PRODUCT = YES;
			};
			name = Release;
		};
		8C9F320026E513B100D76617 /* Debug */ = {
			isa = XCBuildConfiguration;
			buildSettings = {
				ASSETCATALOG_COMPILER_APPICON_NAME = AppIcon;
				ASSETCATALOG_COMPILER_GLOBAL_ACCENT_COLOR_NAME = AccentColor;
				CODE_SIGN_STYLE = Automatic;
				DEVELOPMENT_TEAM = 5GCQQMG9SV;
				INFOPLIST_FILE = WeatherForecast/Configuration/Info.plist;
				LD_RUNPATH_SEARCH_PATHS = (
					"$(inherited)",
					"@executable_path/Frameworks",
				);
				PRODUCT_BUNDLE_IDENTIFIER = com.alpha.WeatherForecast;
				PRODUCT_NAME = "$(TARGET_NAME)";
				SWIFT_VERSION = 5.0;
				TARGETED_DEVICE_FAMILY = "1,2";
			};
			name = Debug;
		};
		8C9F320126E513B100D76617 /* Release */ = {
			isa = XCBuildConfiguration;
			buildSettings = {
				ASSETCATALOG_COMPILER_APPICON_NAME = AppIcon;
				ASSETCATALOG_COMPILER_GLOBAL_ACCENT_COLOR_NAME = AccentColor;
				CODE_SIGN_STYLE = Automatic;
				DEVELOPMENT_TEAM = 5GCQQMG9SV;
				INFOPLIST_FILE = WeatherForecast/Configuration/Info.plist;
				LD_RUNPATH_SEARCH_PATHS = (
					"$(inherited)",
					"@executable_path/Frameworks",
				);
				PRODUCT_BUNDLE_IDENTIFIER = com.alpha.WeatherForecast;
				PRODUCT_NAME = "$(TARGET_NAME)";
				SWIFT_VERSION = 5.0;
				TARGETED_DEVICE_FAMILY = "1,2";
			};
			name = Release;
		};
		8C9F320326E513B100D76617 /* Debug */ = {
			isa = XCBuildConfiguration;
			buildSettings = {
				ALWAYS_EMBED_SWIFT_STANDARD_LIBRARIES = YES;
				BUNDLE_LOADER = "$(TEST_HOST)";
				CLANG_ENABLE_MODULES = YES;
				CODE_SIGN_STYLE = Automatic;
				DEVELOPMENT_TEAM = 5GCQQMG9SV;
				INFOPLIST_FILE = WeatherForecastTests/Info.plist;
				IPHONEOS_DEPLOYMENT_TARGET = 14.5;
				LD_RUNPATH_SEARCH_PATHS = (
					"$(inherited)",
					"@executable_path/Frameworks",
					"@loader_path/Frameworks",
				);
				PRODUCT_BUNDLE_IDENTIFIER = com.alpha.WeatherForecastTests;
				PRODUCT_NAME = "$(TARGET_NAME)";
				SWIFT_OPTIMIZATION_LEVEL = "-Onone";
				SWIFT_VERSION = 5.0;
				TARGETED_DEVICE_FAMILY = "1,2";
				TEST_HOST = "$(BUILT_PRODUCTS_DIR)/WeatherForecast.app/WeatherForecast";
			};
			name = Debug;
		};
		8C9F320426E513B100D76617 /* Release */ = {
			isa = XCBuildConfiguration;
			buildSettings = {
				ALWAYS_EMBED_SWIFT_STANDARD_LIBRARIES = YES;
				BUNDLE_LOADER = "$(TEST_HOST)";
				CLANG_ENABLE_MODULES = YES;
				CODE_SIGN_STYLE = Automatic;
				DEVELOPMENT_TEAM = 5GCQQMG9SV;
				INFOPLIST_FILE = WeatherForecastTests/Info.plist;
				IPHONEOS_DEPLOYMENT_TARGET = 14.5;
				LD_RUNPATH_SEARCH_PATHS = (
					"$(inherited)",
					"@executable_path/Frameworks",
					"@loader_path/Frameworks",
				);
				PRODUCT_BUNDLE_IDENTIFIER = com.alpha.WeatherForecastTests;
				PRODUCT_NAME = "$(TARGET_NAME)";
				SWIFT_VERSION = 5.0;
				TARGETED_DEVICE_FAMILY = "1,2";
				TEST_HOST = "$(BUILT_PRODUCTS_DIR)/WeatherForecast.app/WeatherForecast";
			};
			name = Release;
		};
		8C9F320626E513B100D76617 /* Debug */ = {
			isa = XCBuildConfiguration;
			buildSettings = {
				ALWAYS_EMBED_SWIFT_STANDARD_LIBRARIES = YES;
				CODE_SIGN_STYLE = Automatic;
				DEVELOPMENT_TEAM = 5GCQQMG9SV;
				INFOPLIST_FILE = WeatherForecastUITests/Info.plist;
				LD_RUNPATH_SEARCH_PATHS = (
					"$(inherited)",
					"@executable_path/Frameworks",
					"@loader_path/Frameworks",
				);
				PRODUCT_BUNDLE_IDENTIFIER = com.alpha.WeatherForecastUITests;
				PRODUCT_NAME = "$(TARGET_NAME)";
				SWIFT_VERSION = 5.0;
				TARGETED_DEVICE_FAMILY = "1,2";
				TEST_TARGET_NAME = WeatherForecast;
			};
			name = Debug;
		};
		8C9F320726E513B100D76617 /* Release */ = {
			isa = XCBuildConfiguration;
			buildSettings = {
				ALWAYS_EMBED_SWIFT_STANDARD_LIBRARIES = YES;
				CODE_SIGN_STYLE = Automatic;
				DEVELOPMENT_TEAM = 5GCQQMG9SV;
				INFOPLIST_FILE = WeatherForecastUITests/Info.plist;
				LD_RUNPATH_SEARCH_PATHS = (
					"$(inherited)",
					"@executable_path/Frameworks",
					"@loader_path/Frameworks",
				);
				PRODUCT_BUNDLE_IDENTIFIER = com.alpha.WeatherForecastUITests;
				PRODUCT_NAME = "$(TARGET_NAME)";
				SWIFT_VERSION = 5.0;
				TARGETED_DEVICE_FAMILY = "1,2";
				TEST_TARGET_NAME = WeatherForecast;
			};
			name = Release;
		};
/* End XCBuildConfiguration section */

/* Begin XCConfigurationList section */
		8C9F31D026E513AF00D76617 /* Build configuration list for PBXProject "WeatherForecast" */ = {
			isa = XCConfigurationList;
			buildConfigurations = (
				8C9F31FD26E513B100D76617 /* Debug */,
				8C9F31FE26E513B100D76617 /* Release */,
			);
			defaultConfigurationIsVisible = 0;
			defaultConfigurationName = Release;
		};
		8C9F31FF26E513B100D76617 /* Build configuration list for PBXNativeTarget "WeatherForecast" */ = {
			isa = XCConfigurationList;
			buildConfigurations = (
				8C9F320026E513B100D76617 /* Debug */,
				8C9F320126E513B100D76617 /* Release */,
			);
			defaultConfigurationIsVisible = 0;
			defaultConfigurationName = Release;
		};
		8C9F320226E513B100D76617 /* Build configuration list for PBXNativeTarget "WeatherForecastTests" */ = {
			isa = XCConfigurationList;
			buildConfigurations = (
				8C9F320326E513B100D76617 /* Debug */,
				8C9F320426E513B100D76617 /* Release */,
			);
			defaultConfigurationIsVisible = 0;
			defaultConfigurationName = Release;
		};
		8C9F320526E513B100D76617 /* Build configuration list for PBXNativeTarget "WeatherForecastUITests" */ = {
			isa = XCConfigurationList;
			buildConfigurations = (
				8C9F320626E513B100D76617 /* Debug */,
				8C9F320726E513B100D76617 /* Release */,
			);
			defaultConfigurationIsVisible = 0;
			defaultConfigurationName = Release;
		};
/* End XCConfigurationList section */
	};
	rootObject = 8C9F31CD26E513AF00D76617 /* Project object */;
}
